{
  "name": "sc4lightgg-worker",
  "version": "0.1.0",
  "lockfileVersion": 2,
  "requires": true,
  "packages": {
    "": {
      "name": "sc4lightgg-worker",
      "version": "0.1.0",
      "license": "UNLICENSED",
      "dependencies": {
        "itty-router": "^2.3.10"
      }
    },
    "node_modules/itty-router": {
      "version": "2.3.10",
      "resolved": "https://registry.npmjs.org/itty-router/-/itty-router-2.3.10.tgz",
      "integrity": "sha512-ul8quBGpHWZ1HAutnyXm9f9EAz9rLMEA+9bL/E31DviAb0skFhblxQrZLgq/IwgHRjt3HNoqmv8KuVYe094x4g=="
    }
  },
  "dependencies": {
    "itty-router": {
      "version": "2.3.10",
      "resolved": "https://registry.npmjs.org/itty-router/-/itty-router-2.3.10.tgz",
      "integrity": "sha512-ul8quBGpHWZ1HAutnyXm9f9EAz9rLMEA+9bL/E31DviAb0skFhblxQrZLgq/IwgHRjt3HNoqmv8KuVYe094x4g=="
    }
  }
}
